# THIS IS AN AUTOGENERATED FILE. DO NOT EDIT THIS FILE DIRECTLY.
# yarn lockfile v1


"@bazel/bazel-darwin_x64@2.1.0":
  version "2.1.0"
  resolved "https://registry.yarnpkg.com/@bazel/bazel-darwin_x64/-/bazel-darwin_x64-2.1.0.tgz#c36c37080841618f142996884f07ac0e3d6a9598"
  integrity sha512-9waB/6UT6JmQh8qxlRK9IfSY4Ef+4iGwy5eYK2hoc1zXYDnnZoZoC4eXiq68cWTpyCcT7SNGEb9B3wL5Y5rA9A==

"@bazel/bazel-linux_x64@2.1.0":
  version "2.1.0"
  resolved "https://registry.yarnpkg.com/@bazel/bazel-linux_x64/-/bazel-linux_x64-2.1.0.tgz#3185cc3d2533641d6a539bf613247d628425ebf0"
  integrity sha512-ag6ZwYMJblf1YuPhNRAMyCYf164mY8jhdIwPSVFI1CMiBRnSDJBkSg7rVIczPh+8Gp7TDqAno9MMTnfUXzxogA==

"@bazel/bazel-win32_x64@2.1.0":
  version "2.1.0"
  resolved "https://registry.yarnpkg.com/@bazel/bazel-win32_x64/-/bazel-win32_x64-2.1.0.tgz#013960fe506ddb8dc08f5d54b52420c818eb4264"
  integrity sha512-Y6cs3frmCqoAsrDmEp0msyS8VYE13JvjVoyvdIXTOh5Cc4fOeWzSPb02VS08asaV1jCnOQbv15Ud286hcxAvxg==

"@bazel/bazel@2.1.0":
  version "2.1.0"
  resolved "https://registry.yarnpkg.com/@bazel/bazel/-/bazel-2.1.0.tgz#25a4d3b4171bfb637374133d29878bbcb36b4c92"
  integrity sha512-3Dhs0uJ69ImqC+VIRcifnptPXytxCNWHqyTMFYf0F5AJCVHHW7uRE0tt3Vhm5BseFpdOsjqcghgxGzR/yo10qw==
  dependencies:
    "@bazel/hide-bazel-files" latest
  optionalDependencies:
    "@bazel/bazel-darwin_x64" "2.1.0"
    "@bazel/bazel-linux_x64" "2.1.0"
    "@bazel/bazel-win32_x64" "2.1.0"

"@bazel/hide-bazel-files@latest":
  version "1.6.1"
  resolved "https://registry.yarnpkg.com/@bazel/hide-bazel-files/-/hide-bazel-files-1.6.1.tgz#da8c2261a0ec26f276d76cbb58b80e0becf7a3bd"
  integrity sha512-jTzrgPbVtZvcSXjKs9azMcehT5xc4Q8klC69/td4hFYnKDDkbKCnKXOeSvKZuGhpjkfUxxC54lWPMnEyACuIkQ==

"@bazel/ibazel@0.11.1":
  version "0.11.1"
  resolved "https://registry.yarnpkg.com/@bazel/ibazel/-/ibazel-0.11.1.tgz#c07ceaded388f1e39d6aa732953e0dd04f3dbdf0"
  integrity sha512-qAdEquFAudYyN+CYfLzvuRWNubdsh6C8+o5CiViUEfchq1HQM5Rs8xAOE3fzGsTZ1EUsvgca/PY0kn0VIxckBA==
